
Microsoft Visual Studio Solution File, Format Version 12.00
# Visual Studio 15
VisualStudioVersion = 15.0.28010.2050
MinimumVisualStudioVersion = 10.0.40219.1
Project("{9A19103F-16F7-4668-BE54-9A1E7A4F7556}") = "ToDoListLibrary", "ToDoList\ToDoListLibrary.csproj", "{3F30D78A-5598-4FF3-857A-B9FD568BFBB3}"
EndProject
Project("{FAE04EC0-301F-11D3-BF4B-00C04F79EFBC}") = "ToDoListTests", "ToDoListTests\ToDoListTests.csproj", "{7C571935-79E1-4A31-A35F-AF070DC7E544}"
EndProject
Global
	GlobalSection(SolutionConfigurationPlatforms) = preSolution
		Debug|Any CPU = Debug|Any CPU
		Release|Any CPU = Release|Any CPU
	EndGlobalSection
	GlobalSection(ProjectConfigurationPlatforms) = postSolution
		{3F30D78A-5598-4FF3-857A-B9FD568BFBB3}.Debug|Any CPU.ActiveCfg = Debug|Any CPU
		{3F30D78A-5598-4FF3-857A-B9FD568BFBB3}.Debug|Any CPU.Build.0 = Debug|Any CPU
		{3F30D78A-5598-4FF3-857A-B9FD568BFBB3}.Release|Any CPU.ActiveCfg = Release|Any CPU
		{3F30D78A-5598-4FF3-857A-B9FD568BFBB3}.Release|Any CPU.Build.0 = Release|Any CPU
		{7C571935-79E1-4A31-A35F-AF070DC7E544}.Debug|Any CPU.ActiveCfg = Debug|Any CPU
		{7C571935-79E1-4A31-A35F-AF070DC7E544}.Debug|Any CPU.Build.0 = Debug|Any CPU
		{7C571935-79E1-4A31-A35F-AF070DC7E544}.Release|Any CPU.ActiveCfg = Release|Any CPU
		{7C571935-79E1-4A31-A35F-AF070DC7E544}.Release|Any CPU.Build.0 = Release|Any CPU
	EndGlobalSection
	GlobalSection(SolutionProperties) = preSolution
		HideSolutionNode = FALSE
	EndGlobalSection
	GlobalSection(ExtensibilityGlobals) = postSolution
		SolutionGuid = {8AB02B72-AB6F-4C41-92AB-15B08A6A6FC7}
	EndGlobalSection
EndGlobal
