
Microsoft Visual Studio Solution File, Format Version 12.00
# Visual Studio 15
VisualStudioVersion = 15.0.28307.329
MinimumVisualStudioVersion = 10.0.40219.1
Project("{FAE04EC0-301F-11D3-BF4B-00C04F79EFBC}") = "ToDoListLibrary", "ToDoListLibrary\ToDoListLibrary.csproj", "{A69F2011-0B50-4FA7-93E8-76E8785DFC2F}"
EndProject
Project("{FAE04EC0-301F-11D3-BF4B-00C04F79EFBC}") = "ToDoListTests", "ToDoListTests\ToDoListTests.csproj", "{97C6A6AA-A528-49AD-AFDF-34F16BD1B300}"
EndProject
Project("{FAE04EC0-301F-11D3-BF4B-00C04F79EFBC}") = "MainProgram", "DlaZabawyTesty\MainProgram.csproj", "{825EB913-C438-45FC-A6CE-44EE1C8BB45D}"
EndProject
Project("{FAE04EC0-301F-11D3-BF4B-00C04F79EFBC}") = "ToDoListForm", "ToDoListForm\ToDoListForm.csproj", "{C4FB2FAC-65E6-4233-AFC8-3C2316F4524A}"
EndProject
Project("{FAE04EC0-301F-11D3-BF4B-00C04F79EFBC}") = "ToDoList", "ToDoList\ToDoList.csproj", "{B6A9A008-BF8A-48F9-A017-E6312B0D6830}"
EndProject
Global
	GlobalSection(SolutionConfigurationPlatforms) = preSolution
		Debug|Any CPU = Debug|Any CPU
		Release|Any CPU = Release|Any CPU
	EndGlobalSection
	GlobalSection(ProjectConfigurationPlatforms) = postSolution
		{A69F2011-0B50-4FA7-93E8-76E8785DFC2F}.Debug|Any CPU.ActiveCfg = Debug|Any CPU
		{A69F2011-0B50-4FA7-93E8-76E8785DFC2F}.Debug|Any CPU.Build.0 = Debug|Any CPU
		{A69F2011-0B50-4FA7-93E8-76E8785DFC2F}.Release|Any CPU.ActiveCfg = Release|Any CPU
		{A69F2011-0B50-4FA7-93E8-76E8785DFC2F}.Release|Any CPU.Build.0 = Release|Any CPU
		{97C6A6AA-A528-49AD-AFDF-34F16BD1B300}.Debug|Any CPU.ActiveCfg = Debug|Any CPU
		{97C6A6AA-A528-49AD-AFDF-34F16BD1B300}.Debug|Any CPU.Build.0 = Debug|Any CPU
		{97C6A6AA-A528-49AD-AFDF-34F16BD1B300}.Release|Any CPU.ActiveCfg = Release|Any CPU
		{97C6A6AA-A528-49AD-AFDF-34F16BD1B300}.Release|Any CPU.Build.0 = Release|Any CPU
		{825EB913-C438-45FC-A6CE-44EE1C8BB45D}.Debug|Any CPU.ActiveCfg = Debug|Any CPU
		{825EB913-C438-45FC-A6CE-44EE1C8BB45D}.Debug|Any CPU.Build.0 = Debug|Any CPU
		{825EB913-C438-45FC-A6CE-44EE1C8BB45D}.Release|Any CPU.ActiveCfg = Release|Any CPU
		{825EB913-C438-45FC-A6CE-44EE1C8BB45D}.Release|Any CPU.Build.0 = Release|Any CPU
		{C4FB2FAC-65E6-4233-AFC8-3C2316F4524A}.Debug|Any CPU.ActiveCfg = Debug|Any CPU
		{C4FB2FAC-65E6-4233-AFC8-3C2316F4524A}.Debug|Any CPU.Build.0 = Debug|Any CPU
		{C4FB2FAC-65E6-4233-AFC8-3C2316F4524A}.Release|Any CPU.ActiveCfg = Release|Any CPU
		{C4FB2FAC-65E6-4233-AFC8-3C2316F4524A}.Release|Any CPU.Build.0 = Release|Any CPU
		{B6A9A008-BF8A-48F9-A017-E6312B0D6830}.Debug|Any CPU.ActiveCfg = Debug|Any CPU
		{B6A9A008-BF8A-48F9-A017-E6312B0D6830}.Debug|Any CPU.Build.0 = Debug|Any CPU
		{B6A9A008-BF8A-48F9-A017-E6312B0D6830}.Release|Any CPU.ActiveCfg = Release|Any CPU
		{B6A9A008-BF8A-48F9-A017-E6312B0D6830}.Release|Any CPU.Build.0 = Release|Any CPU
	EndGlobalSection
	GlobalSection(SolutionProperties) = preSolution
		HideSolutionNode = FALSE
	EndGlobalSection
	GlobalSection(ExtensibilityGlobals) = postSolution
		SolutionGuid = {4B1E7DBB-D27A-423F-83DD-B844FCD362B5}
	EndGlobalSection
EndGlobal
